// !$*UTF8*$!
{
	archiveVersion = 1;
	classes = {
	};
	objectVersion = 50;
	objects = {

/* Begin PBXBuildFile section */
		02148DBA2403E59A007BA419 /* AppDelegate.m in Sources */ = {isa = PBXBuildFile; fileRef = 02148DB92403E59A007BA419 /* AppDelegate.m */; };
		02148DBD2403E59A007BA419 /* ViewController.m in Sources */ = {isa = PBXBuildFile; fileRef = 02148DBC2403E59A007BA419 /* ViewController.m */; };
		02148DBF2403E59B007BA419 /* Assets.xcassets in Resources */ = {isa = PBXBuildFile; fileRef = 02148DBE2403E59B007BA419 /* Assets.xcassets */; };
		02148DC22403E59B007BA419 /* Main.storyboard in Resources */ = {isa = PBXBuildFile; fileRef = 02148DC02403E59B007BA419 /* Main.storyboard */; };
		02148DC52403E59B007BA419 /* main.m in Sources */ = {isa = PBXBuildFile; fileRef = 02148DC42403E59B007BA419 /* main.m */; };
		02148DD02403E59C007BA419 /* SimpleGUITests.m in Sources */ = {isa = PBXBuildFile; fileRef = 02148DCF2403E59C007BA419 /* SimpleGUITests.m */; };
		02148DDB2403E59C007BA419 /* SimpleGUIUITests.m in Sources */ = {isa = PBXBuildFile; fileRef = 02148DDA2403E59C007BA419 /* SimpleGUIUITests.m */; };
/* End PBXBuildFile section */

/* Begin PBXContainerItemProxy section */
		02148DCC2403E59C007BA419 /* PBXContainerItemProxy */ = {
			isa = PBXContainerItemProxy;
			containerPortal = 02148DAD2403E59A007BA419 /* Project object */;
			proxyType = 1;
			remoteGlobalIDString = 02148DB42403E59A007BA419;
			remoteInfo = SimpleGUI;
		};
		02148DD72403E59C007BA419 /* PBXContainerItemProxy */ = {
			isa = PBXContainerItemProxy;
			containerPortal = 02148DAD2403E59A007BA419 /* Project object */;
			proxyType = 1;
			remoteGlobalIDString = 02148DB42403E59A007BA419;
			remoteInfo = SimpleGUI;
		};
/* End PBXContainerItemProxy section */

/* Begin PBXFileReference section */
		02148DB52403E59A007BA419 /* SimpleGUI.app */ = {isa = PBXFileReference; explicitFileType = wrapper.application; includeInIndex = 0; path = SimpleGUI.app; sourceTree = BUILT_PRODUCTS_DIR; };
		02148DB82403E59A007BA419 /* AppDelegate.h */ = {isa = PBXFileReference; lastKnownFileType = sourcecode.c.h; path = AppDelegate.h; sourceTree = "<group>"; };
		02148DB92403E59A007BA419 /* AppDelegate.m */ = {isa = PBXFileReference; lastKnownFileType = sourcecode.c.objc; path = AppDelegate.m; sourceTree = "<group>"; };
		02148DBB2403E59A007BA419 /* ViewController.h */ = {isa = PBXFileReference; lastKnownFileType = sourcecode.c.h; path = ViewController.h; sourceTree = "<group>"; };
		02148DBC2403E59A007BA419 /* ViewController.m */ = {isa = PBXFileReference; lastKnownFileType = sourcecode.c.objc; path = ViewController.m; sourceTree = "<group>"; };
		02148DBE2403E59B007BA419 /* Assets.xcassets */ = {isa = PBXFileReference; lastKnownFileType = folder.assetcatalog; path = Assets.xcassets; sourceTree = "<group>"; };
		02148DC12403E59B007BA419 /* Base */ = {isa = PBXFileReference; lastKnownFileType = file.storyboard; name = Base; path = Base.lproj/Main.storyboard; sourceTree = "<group>"; };
		02148DC32403E59B007BA419 /* Info.plist */ = {isa = PBXFileReference; lastKnownFileType = text.plist.xml; path = Info.plist; sourceTree = "<group>"; };
		02148DC42403E59B007BA419 /* main.m */ = {isa = PBXFileReference; lastKnownFileType = sourcecode.c.objc; path = main.m; sourceTree = "<group>"; };
		02148DC62403E59B007BA419 /* SimpleGUI.entitlements */ = {isa = PBXFileReference; lastKnownFileType = text.plist.entitlements; path = SimpleGUI.entitlements; sourceTree = "<group>"; };
		02148DCB2403E59C007BA419 /* SimpleGUITests.xctest */ = {isa = PBXFileReference; explicitFileType = wrapper.cfbundle; includeInIndex = 0; path = SimpleGUITests.xctest; sourceTree = BUILT_PRODUCTS_DIR; };
		02148DCF2403E59C007BA419 /* SimpleGUITests.m */ = {isa = PBXFileReference; lastKnownFileType = sourcecode.c.objc; path = SimpleGUITests.m; sourceTree = "<group>"; };
		02148DD12403E59C007BA419 /* Info.plist */ = {isa = PBXFileReference; lastKnownFileType = text.plist.xml; path = Info.plist; sourceTree = "<group>"; };
		02148DD62403E59C007BA419 /* SimpleGUIUITests.xctest */ = {isa = PBXFileReference; explicitFileType = wrapper.cfbundle; includeInIndex = 0; path = SimpleGUIUITests.xctest; sourceTree = BUILT_PRODUCTS_DIR; };
		02148DDA2403E59C007BA419 /* SimpleGUIUITests.m */ = {isa = PBXFileReference; lastKnownFileType = sourcecode.c.objc; path = SimpleGUIUITests.m; sourceTree = "<group>"; };
		02148DDC2403E59C007BA419 /* Info.plist */ = {isa = PBXFileReference; lastKnownFileType = text.plist.xml; path = Info.plist; sourceTree = "<group>"; };
/* End PBXFileReference section */

/* Begin PBXFrameworksBuildPhase section */
		02148DB22403E59A007BA419 /* Frameworks */ = {
			isa = PBXFrameworksBuildPhase;
			buildActionMask = 2147483647;
			files = (
			);
			runOnlyForDeploymentPostprocessing = 0;
		};
		02148DC82403E59C007BA419 /* Frameworks */ = {
			isa = PBXFrameworksBuildPhase;
			buildActionMask = 2147483647;
			files = (
			);
			runOnlyForDeploymentPostprocessing = 0;
		};
		02148DD32403E59C007BA419 /* Frameworks */ = {
			isa = PBXFrameworksBuildPhase;
			buildActionMask = 2147483647;
			files = (
			);
			runOnlyForDeploymentPostprocessing = 0;
		};
/* End PBXFrameworksBuildPhase section */

/* Begin PBXGroup section */
		02148DAC2403E59A007BA419 = {
			isa = PBXGroup;
			children = (
				02148DB72403E59A007BA419 /* SimpleGUI */,
				02148DCE2403E59C007BA419 /* SimpleGUITests */,
				02148DD92403E59C007BA419 /* SimpleGUIUITests */,
				02148DB62403E59A007BA419 /* Products */,
			);
			sourceTree = "<group>";
		};
		02148DB62403E59A007BA419 /* Products */ = {
			isa = PBXGroup;
			children = (
				02148DB52403E59A007BA419 /* SimpleGUI.app */,
				02148DCB2403E59C007BA419 /* SimpleGUITests.xctest */,
				02148DD62403E59C007BA419 /* SimpleGUIUITests.xctest */,
			);
			name = Products;
			sourceTree = "<group>";
		};
		02148DB72403E59A007BA419 /* SimpleGUI */ = {
			isa = PBXGroup;
			children = (
				02148DB82403E59A007BA419 /* AppDelegate.h */,
				02148DB92403E59A007BA419 /* AppDelegate.m */,
				02148DBB2403E59A007BA419 /* ViewController.h */,
				02148DBC2403E59A007BA419 /* ViewController.m */,
				02148DBE2403E59B007BA419 /* Assets.xcassets */,
				02148DC02403E59B007BA419 /* Main.storyboard */,
				02148DC32403E59B007BA419 /* Info.plist */,
				02148DC42403E59B007BA419 /* main.m */,
				02148DC62403E59B007BA419 /* SimpleGUI.entitlements */,
			);
			path = SimpleGUI;
			sourceTree = "<group>";
		};
		02148DCE2403E59C007BA419 /* SimpleGUITests */ = {
			isa = PBXGroup;
			children = (
				02148DCF2403E59C007BA419 /* SimpleGUITests.m */,
				02148DD12403E59C007BA419 /* Info.plist */,
			);
			path = SimpleGUITests;
			sourceTree = "<group>";
		};
		02148DD92403E59C007BA419 /* SimpleGUIUITests */ = {
			isa = PBXGroup;
			children = (
				02148DDA2403E59C007BA419 /* SimpleGUIUITests.m */,
				02148DDC2403E59C007BA419 /* Info.plist */,
			);
			path = SimpleGUIUITests;
			sourceTree = "<group>";
		};
/* End PBXGroup section */

/* Begin PBXNativeTarget section */
		02148DB42403E59A007BA419 /* SimpleGUI */ = {
			isa = PBXNativeTarget;
			buildConfigurationList = 02148DDF2403E59C007BA419 /* Build configuration list for PBXNativeTarget "SimpleGUI" */;
			buildPhases = (
				02148DB12403E59A007BA419 /* Sources */,
				02148DB22403E59A007BA419 /* Frameworks */,
				02148DB32403E59A007BA419 /* Resources */,
			);
			buildRules = (
			);
			dependencies = (
			);
			name = SimpleGUI;
			productName = SimpleGUI;
			productReference = 02148DB52403E59A007BA419 /* SimpleGUI.app */;
			productType = "com.apple.product-type.application";
		};
		02148DCA2403E59C007BA419 /* SimpleGUITests */ = {
			isa = PBXNativeTarget;
			buildConfigurationList = 02148DE22403E59C007BA419 /* Build configuration list for PBXNativeTarget "SimpleGUITests" */;
			buildPhases = (
				02148DC72403E59C007BA419 /* Sources */,
				02148DC82403E59C007BA419 /* Frameworks */,
				02148DC92403E59C007BA419 /* Resources */,
			);
			buildRules = (
			);
			dependencies = (
				02148DCD2403E59C007BA419 /* PBXTargetDependency */,
			);
			name = SimpleGUITests;
			productName = SimpleGUITests;
			productReference = 02148DCB2403E59C007BA419 /* SimpleGUITests.xctest */;
			productType = "com.apple.product-type.bundle.unit-test";
		};
		02148DD52403E59C007BA419 /* SimpleGUIUITests */ = {
			isa = PBXNativeTarget;
			buildConfigurationList = 02148DE52403E59C007BA419 /* Build configuration list for PBXNativeTarget "SimpleGUIUITests" */;
			buildPhases = (
				02148DD22403E59C007BA419 /* Sources */,
				02148DD32403E59C007BA419 /* Frameworks */,
				02148DD42403E59C007BA419 /* Resources */,
			);
			buildRules = (
			);
			dependencies = (
				02148DD82403E59C007BA419 /* PBXTargetDependency */,
			);
			name = SimpleGUIUITests;
			productName = SimpleGUIUITests;
			productReference = 02148DD62403E59C007BA419 /* SimpleGUIUITests.xctest */;
			productType = "com.apple.product-type.bundle.ui-testing";
		};
/* End PBXNativeTarget section */

/* Begin PBXProject section */
		02148DAD2403E59A007BA419 /* Project object */ = {
			isa = PBXProject;
			attributes = {
				KnownAssetTags = (
					label,
				);
				LastUpgradeCheck = 1030;
				ORGANIZATIONNAME = "Amy Wang";
				TargetAttributes = {
					02148DB42403E59A007BA419 = {
						CreatedOnToolsVersion = 10.3;
					};
					02148DCA2403E59C007BA419 = {
						CreatedOnToolsVersion = 10.3;
						TestTargetID = 02148DB42403E59A007BA419;
					};
					02148DD52403E59C007BA419 = {
						CreatedOnToolsVersion = 10.3;
						TestTargetID = 02148DB42403E59A007BA419;
					};
				};
			};
			buildConfigurationList = 02148DB02403E59A007BA419 /* Build configuration list for PBXProject "SimpleGUI" */;
			compatibilityVersion = "Xcode 9.3";
			developmentRegion = en;
			hasScannedForEncodings = 0;
			knownRegions = (
				en,
				Base,
			);
			mainGroup = 02148DAC2403E59A007BA419;
			productRefGroup = 02148DB62403E59A007BA419 /* Products */;
			projectDirPath = "";
			projectRoot = "";
			targets = (
				02148DB42403E59A007BA419 /* SimpleGUI */,
				02148DCA2403E59C007BA419 /* SimpleGUITests */,
				02148DD52403E59C007BA419 /* SimpleGUIUITests */,
			);
		};
/* End PBXProject section */

/* Begin PBXResourcesBuildPhase section */
		02148DB32403E59A007BA419 /* Resources */ = {
			isa = PBXResourcesBuildPhase;
			buildActionMask = 2147483647;
			files = (
				02148DBF2403E59B007BA419 /* Assets.xcassets in Resources */,
				02148DC22403E59B007BA419 /* Main.storyboard in Resources */,
			);
			runOnlyForDeploymentPostprocessing = 0;
		};
		02148DC92403E59C007BA419 /* Resources */ = {
			isa = PBXResourcesBuildPhase;
			buildActionMask = 2147483647;
			files = (
			);
			runOnlyForDeploymentPostprocessing = 0;
		};
		02148DD42403E59C007BA419 /* Resources */ = {
			isa = PBXResourcesBuildPhase;
			buildActionMask = 2147483647;
			files = (
			);
			runOnlyForDeploymentPostprocessing = 0;
		};
/* End PBXResourcesBuildPhase section */

/* Begin PBXSourcesBuildPhase section */
		02148DB12403E59A007BA419 /* Sources */ = {
			isa = PBXSourcesBuildPhase;
			buildActionMask = 2147483647;
			files = (
				02148DBD2403E59A007BA419 /* ViewController.m in Sources */,
				02148DC52403E59B007BA419 /* main.m in Sources */,
				02148DBA2403E59A007BA419 /* AppDelegate.m in Sources */,
			);
			runOnlyForDeploymentPostprocessing = 0;
		};
		02148DC72403E59C007BA419 /* Sources */ = {
			isa = PBXSourcesBuildPhase;
			buildActionMask = 2147483647;
			files = (
				02148DD02403E59C007BA419 /* SimpleGUITests.m in Sources */,
			);
			runOnlyForDeploymentPostprocessing = 0;
		};
		02148DD22403E59C007BA419 /* Sources */ = {
			isa = PBXSourcesBuildPhase;
			buildActionMask = 2147483647;
			files = (
				02148DDB2403E59C007BA419 /* SimpleGUIUITests.m in Sources */,
			);
			runOnlyForDeploymentPostprocessing = 0;
		};
/* End PBXSourcesBuildPhase section */

/* Begin PBXTargetDependency section */
		02148DCD2403E59C007BA419 /* PBXTargetDependency */ = {
			isa = PBXTargetDependency;
			target = 02148DB42403E59A007BA419 /* SimpleGUI */;
			targetProxy = 02148DCC2403E59C007BA419 /* PBXContainerItemProxy */;
		};
		02148DD82403E59C007BA419 /* PBXTargetDependency */ = {
			isa = PBXTargetDependency;
			target = 02148DB42403E59A007BA419 /* SimpleGUI */;
			targetProxy = 02148DD72403E59C007BA419 /* PBXContainerItemProxy */;
		};
/* End PBXTargetDependency section */

/* Begin PBXVariantGroup section */
		02148DC02403E59B007BA419 /* Main.storyboard */ = {
			isa = PBXVariantGroup;
			children = (
				02148DC12403E59B007BA419 /* Base */,
			);
			name = Main.storyboard;
			sourceTree = "<group>";
		};
/* End PBXVariantGroup section */

/* Begin XCBuildConfiguration section */
		02148DDD2403E59C007BA419 /* Debug */ = {
			isa = XCBuildConfiguration;
			buildSettings = {
				ALWAYS_SEARCH_USER_PATHS = NO;
				CLANG_ANALYZER_NONNULL = YES;
				CLANG_ANALYZER_NUMBER_OBJECT_CONVERSION = YES_AGGRESSIVE;
				CLANG_CXX_LANGUAGE_STANDARD = "gnu++14";
				CLANG_CXX_LIBRARY = "libc++";
				CLANG_ENABLE_MODULES = YES;
				CLANG_ENABLE_OBJC_ARC = YES;
				CLANG_ENABLE_OBJC_WEAK = YES;
				CLANG_WARN_BLOCK_CAPTURE_AUTORELEASING = YES;
				CLANG_WARN_BOOL_CONVERSION = YES;
				CLANG_WARN_COMMA = YES;
				CLANG_WARN_CONSTANT_CONVERSION = YES;
				CLANG_WARN_DEPRECATED_OBJC_IMPLEMENTATIONS = YES;
				CLANG_WARN_DIRECT_OBJC_ISA_USAGE = YES_ERROR;
				CLANG_WARN_DOCUMENTATION_COMMENTS = YES;
				CLANG_WARN_EMPTY_BODY = YES;
				CLANG_WARN_ENUM_CONVERSION = YES;
				CLANG_WARN_INFINITE_RECURSION = YES;
				CLANG_WARN_INT_CONVERSION = YES;
				CLANG_WARN_NON_LITERAL_NULL_CONVERSION = YES;
				CLANG_WARN_OBJC_IMPLICIT_RETAIN_SELF = YES;
				CLANG_WARN_OBJC_LITERAL_CONVERSION = YES;
				CLANG_WARN_OBJC_ROOT_CLASS = YES_ERROR;
				CLANG_WARN_RANGE_LOOP_ANALYSIS = YES;
				CLANG_WARN_STRICT_PROTOTYPES = YES;
				CLANG_WARN_SUSPICIOUS_MOVE = YES;
				CLANG_WARN_UNGUARDED_AVAILABILITY = YES_AGGRESSIVE;
				CLANG_WARN_UNREACHABLE_CODE = YES;
				CLANG_WARN__DUPLICATE_METHOD_MATCH = YES;
				CODE_SIGN_IDENTITY = "-";
				COPY_PHASE_STRIP = NO;
				DEBUG_INFORMATION_FORMAT = dwarf;
				ENABLE_STRICT_OBJC_MSGSEND = YES;
				ENABLE_TESTABILITY = YES;
				GCC_C_LANGUAGE_STANDARD = gnu11;
				GCC_DYNAMIC_NO_PIC = NO;
				GCC_NO_COMMON_BLOCKS = YES;
				GCC_OPTIMIZATION_LEVEL = 0;
				GCC_PREPROCESSOR_DEFINITIONS = (
					"DEBUG=1",
					"$(inherited)",
				);
				GCC_WARN_64_TO_32_BIT_CONVERSION = YES;
				GCC_WARN_ABOUT_RETURN_TYPE = YES_ERROR;
				GCC_WARN_UNDECLARED_SELECTOR = YES;
				GCC_WARN_UNINITIALIZED_AUTOS = YES_AGGRESSIVE;
				GCC_WARN_UNUSED_FUNCTION = YES;
				GCC_WARN_UNUSED_VARIABLE = YES;
				MACOSX_DEPLOYMENT_TARGET = 10.14;
				MTL_ENABLE_DEBUG_INFO = INCLUDE_SOURCE;
				MTL_FAST_MATH = YES;
				ONLY_ACTIVE_ARCH = YES;
				SDKROOT = macosx;
			};
			name = Debug;
		};
		02148DDE2403E59C007BA419 /* Release */ = {
			isa = XCBuildConfiguration;
			buildSettings = {
				ALWAYS_SEARCH_USER_PATHS = NO;
				CLANG_ANALYZER_NONNULL = YES;
				CLANG_ANALYZER_NUMBER_OBJECT_CONVERSION = YES_AGGRESSIVE;
				CLANG_CXX_LANGUAGE_STANDARD = "gnu++14";
				CLANG_CXX_LIBRARY = "libc++";
				CLANG_ENABLE_MODULES = YES;
				CLANG_ENABLE_OBJC_ARC = YES;
				CLANG_ENABLE_OBJC_WEAK = YES;
				CLANG_WARN_BLOCK_CAPTURE_AUTORELEASING = YES;
				CLANG_WARN_BOOL_CONVERSION = YES;
				CLANG_WARN_COMMA = YES;
				CLANG_WARN_CONSTANT_CONVERSION = YES;
				CLANG_WARN_DEPRECATED_OBJC_IMPLEMENTATIONS = YES;
				CLANG_WARN_DIRECT_OBJC_ISA_USAGE = YES_ERROR;
				CLANG_WARN_DOCUMENTATION_COMMENTS = YES;
				CLANG_WARN_EMPTY_BODY = YES;
				CLANG_WARN_ENUM_CONVERSION = YES;
				CLANG_WARN_INFINITE_RECURSION = YES;
				CLANG_WARN_INT_CONVERSION = YES;
				CLANG_WARN_NON_LITERAL_NULL_CONVERSION = YES;
				CLANG_WARN_OBJC_IMPLICIT_RETAIN_SELF = YES;
				CLANG_WARN_OBJC_LITERAL_CONVERSION = YES;
				CLANG_WARN_OBJC_ROOT_CLASS = YES_ERROR;
				CLANG_WARN_RANGE_LOOP_ANALYSIS = YES;
				CLANG_WARN_STRICT_PROTOTYPES = YES;
				CLANG_WARN_SUSPICIOUS_MOVE = YES;
				CLANG_WARN_UNGUARDED_AVAILABILITY = YES_AGGRESSIVE;
				CLANG_WARN_UNREACHABLE_CODE = YES;
				CLANG_WARN__DUPLICATE_METHOD_MATCH = YES;
				CODE_SIGN_IDENTITY = "-";
				COPY_PHASE_STRIP = NO;
				DEBUG_INFORMATION_FORMAT = "dwarf-with-dsym";
				ENABLE_NS_ASSERTIONS = NO;
				ENABLE_STRICT_OBJC_MSGSEND = YES;
				GCC_C_LANGUAGE_STANDARD = gnu11;
				GCC_NO_COMMON_BLOCKS = YES;
				GCC_WARN_64_TO_32_BIT_CONVERSION = YES;
				GCC_WARN_ABOUT_RETURN_TYPE = YES_ERROR;
				GCC_WARN_UNDECLARED_SELECTOR = YES;
				GCC_WARN_UNINITIALIZED_AUTOS = YES_AGGRESSIVE;
				GCC_WARN_UNUSED_FUNCTION = YES;
				GCC_WARN_UNUSED_VARIABLE = YES;
				MACOSX_DEPLOYMENT_TARGET = 10.14;
				MTL_ENABLE_DEBUG_INFO = NO;
				MTL_FAST_MATH = YES;
				SDKROOT = macosx;
			};
			name = Release;
		};
		02148DE02403E59C007BA419 /* Debug */ = {
			isa = XCBuildConfiguration;
			buildSettings = {
				ASSETCATALOG_COMPILER_APPICON_NAME = AppIcon;
				CODE_SIGN_ENTITLEMENTS = SimpleGUI/SimpleGUI.entitlements;
				CODE_SIGN_STYLE = Automatic;
				COMBINE_HIDPI_IMAGES = YES;
				INFOPLIST_FILE = SimpleGUI/Info.plist;
				LD_RUNPATH_SEARCH_PATHS = (
					"$(inherited)",
					"@executable_path/../Frameworks",
				);
				PRODUCT_BUNDLE_IDENTIFIER = Qq18070188.SimpleGUI;
				PRODUCT_NAME = "$(TARGET_NAME)";
			};
			name = Debug;
		};
		02148DE12403E59C007BA419 /* Release */ = {
			isa = XCBuildConfiguration;
			buildSettings = {
				ASSETCATALOG_COMPILER_APPICON_NAME = AppIcon;
				CODE_SIGN_ENTITLEMENTS = SimpleGUI/SimpleGUI.entitlements;
				CODE_SIGN_STYLE = Automatic;
				COMBINE_HIDPI_IMAGES = YES;
				INFOPLIST_FILE = SimpleGUI/Info.plist;
				LD_RUNPATH_SEARCH_PATHS = (
					"$(inherited)",
					"@executable_path/../Frameworks",
				);
				PRODUCT_BUNDLE_IDENTIFIER = Qq18070188.SimpleGUI;
				PRODUCT_NAME = "$(TARGET_NAME)";
			};
			name = Release;
		};
		02148DE32403E59C007BA419 /* Debug */ = {
			isa = XCBuildConfiguration;
			buildSettings = {
				BUNDLE_LOADER = "$(TEST_HOST)";
				CODE_SIGN_STYLE = Automatic;
				COMBINE_HIDPI_IMAGES = YES;
				INFOPLIST_FILE = SimpleGUITests/Info.plist;
				LD_RUNPATH_SEARCH_PATHS = (
					"$(inherited)",
					"@executable_path/../Frameworks",
					"@loader_path/../Frameworks",
				);
				PRODUCT_BUNDLE_IDENTIFIER = Qq18070188.SimpleGUITests;
				PRODUCT_NAME = "$(TARGET_NAME)";
				TEST_HOST = "$(BUILT_PRODUCTS_DIR)/SimpleGUI.app/Contents/MacOS/SimpleGUI";
			};
			name = Debug;
		};
		02148DE42403E59C007BA419 /* Release */ = {
			isa = XCBuildConfiguration;
			buildSettings = {
				BUNDLE_LOADER = "$(TEST_HOST)";
				CODE_SIGN_STYLE = Automatic;
				COMBINE_HIDPI_IMAGES = YES;
				INFOPLIST_FILE = SimpleGUITests/Info.plist;
				LD_RUNPATH_SEARCH_PATHS = (
					"$(inherited)",
					"@executable_path/../Frameworks",
					"@loader_path/../Frameworks",
				);
				PRODUCT_BUNDLE_IDENTIFIER = Qq18070188.SimpleGUITests;
				PRODUCT_NAME = "$(TARGET_NAME)";
				TEST_HOST = "$(BUILT_PRODUCTS_DIR)/SimpleGUI.app/Contents/MacOS/SimpleGUI";
			};
			name = Release;
		};
		02148DE62403E59C007BA419 /* Debug */ = {
			isa = XCBuildConfiguration;
			buildSettings = {
				CODE_SIGN_STYLE = Automatic;
				COMBINE_HIDPI_IMAGES = YES;
				INFOPLIST_FILE = SimpleGUIUITests/Info.plist;
				LD_RUNPATH_SEARCH_PATHS = (
					"$(inherited)",
					"@executable_path/../Frameworks",
					"@loader_path/../Frameworks",
				);
				PRODUCT_BUNDLE_IDENTIFIER = Qq18070188.SimpleGUIUITests;
				PRODUCT_NAME = "$(TARGET_NAME)";
				TEST_TARGET_NAME = SimpleGUI;
			};
			name = Debug;
		};
		02148DE72403E59C007BA419 /* Release */ = {
			isa = XCBuildConfiguration;
			buildSettings = {
				CODE_SIGN_STYLE = Automatic;
				COMBINE_HIDPI_IMAGES = YES;
				INFOPLIST_FILE = SimpleGUIUITests/Info.plist;
				LD_RUNPATH_SEARCH_PATHS = (
					"$(inherited)",
					"@executable_path/../Frameworks",
					"@loader_path/../Frameworks",
				);
				PRODUCT_BUNDLE_IDENTIFIER = Qq18070188.SimpleGUIUITests;
				PRODUCT_NAME = "$(TARGET_NAME)";
				TEST_TARGET_NAME = SimpleGUI;
			};
			name = Release;
		};
/* End XCBuildConfiguration section */

/* Begin XCConfigurationList section */
		02148DB02403E59A007BA419 /* Build configuration list for PBXProject "SimpleGUI" */ = {
			isa = XCConfigurationList;
			buildConfigurations = (
				02148DDD2403E59C007BA419 /* Debug */,
				02148DDE2403E59C007BA419 /* Release */,
			);
			defaultConfigurationIsVisible = 0;
			defaultConfigurationName = Release;
		};
		02148DDF2403E59C007BA419 /* Build configuration list for PBXNativeTarget "SimpleGUI" */ = {
			isa = XCConfigurationList;
			buildConfigurations = (
				02148DE02403E59C007BA419 /* Debug */,
				02148DE12403E59C007BA419 /* Release */,
			);
			defaultConfigurationIsVisible = 0;
			defaultConfigurationName = Release;
		};
		02148DE22403E59C007BA419 /* Build configuration list for PBXNativeTarget "SimpleGUITests" */ = {
			isa = XCConfigurationList;
			buildConfigurations = (
				02148DE32403E59C007BA419 /* Debug */,
				02148DE42403E59C007BA419 /* Release */,
			);
			defaultConfigurationIsVisible = 0;
			defaultConfigurationName = Release;
		};
		02148DE52403E59C007BA419 /* Build configuration list for PBXNativeTarget "SimpleGUIUITests" */ = {
			isa = XCConfigurationList;
			buildConfigurations = (
				02148DE62403E59C007BA419 /* Debug */,
				02148DE72403E59C007BA419 /* Release */,
			);
			defaultConfigurationIsVisible = 0;
			defaultConfigurationName = Release;
		};
/* End XCConfigurationList section */
	};
	rootObject = 02148DAD2403E59A007BA419 /* Project object */;
}
